<?xml version="1.0" encoding="utf-8"?>
<Project ToolsVersion="4.0" xmlns="http://schemas.microsoft.com/developer/msbuild/2003">
  <ItemGroup>
    <Filter Include="Resource Files">
      <UniqueIdentifier>{67DA6AB6-F800-4c08-8B7A-83BB121AAD01}</UniqueIdentifier>
      <Extensions>rc;ico;cur;bmp;dlg;rc2;rct;bin;rgs;gif;jpg;jpeg;jpe;resx;tiff;tif;png;wav</Extensions>
    </Filter>
    <Filter Include="Pipes">
      <UniqueIdentifier>{53c1ea32-6112-4c45-b55e-0651558c87d8}</UniqueIdentifier>
    </Filter>
    <Filter Include="Text">
      <UniqueIdentifier>{d3af53a0-4ae9-4fae-a38a-202243797ff4}</UniqueIdentifier>
    </Filter>
    <Filter Include="FCGI">
      <UniqueIdentifier>{90ed1076-3f7e-4c09-88c7-d68ff4bc74c1}</UniqueIdentifier>
    </Filter>
    <Filter Include="HTTP">
      <UniqueIdentifier>{d47244b4-a9db-4812-a867-e3e1e26f9c68}</UniqueIdentifier>
    </Filter>
    <Filter Include="IO">
      <UniqueIdentifier>{333a750e-270d-4c41-addb-f0e2073f6635}</UniqueIdentifier>
    </Filter>
  </ItemGroup>
  <ItemGroup>
    <ClCompile Include="ATW.cpp" />
    <ClCompile Include="XmlDocument.cpp" />
    <ClCompile Include="ChildView.cpp" />
    <ClCompile Include="Lock.cpp" />
    <ClCompile Include="Logger.cpp" />
    <ClCompile Include="MainFrm.cpp" />
    <ClCompile Include="SettingDlg.cpp" />
    <ClCompile Include="stdafx.cpp" />
    <ClCompile Include="TimerQueue.cpp" />
    <ClCompile Include="WebServer.cpp" />
    <ClCompile Include="Pipes\BufferPipe.cpp">
      <Filter>Pipes</Filter>
    </ClCompile>
    <ClCompile Include="Pipes\Pipe.cpp">
      <Filter>Pipes</Filter>
    </ClCompile>
    <ClCompile Include="Pipes\FilePipe.cpp">
      <Filter>Pipes</Filter>
    </ClCompile>
    <ClCompile Include="FCGIFactory.cpp">
      <Filter>FCGI</Filter>
    </ClCompile>
    <ClCompile Include="FCGIRecord.cpp">
      <Filter>FCGI</Filter>
    </ClCompile>
    <ClCompile Include="FCGIResponder.cpp">
      <Filter>FCGI</Filter>
    </ClCompile>
    <ClCompile Include="HTTPRequest.cpp">
      <Filter>HTTP</Filter>
    </ClCompile>
    <ClCompile Include="HTTPResponder.cpp">
      <Filter>HTTP</Filter>
    </ClCompile>
    <ClCompile Include="HTTPResponseHeader.cpp">
      <Filter>HTTP</Filter>
    </ClCompile>
    <ClCompile Include="HTTPServer.cpp">
      <Filter>HTTP</Filter>
    </ClCompile>
    <ClCompile Include="HTTPListener.cpp">
      <Filter>HTTP</Filter>
    </ClCompile>
    <ClCompile Include="Buffer.cpp" />
    <ClCompile Include="OSFile.cpp" />
    <ClCompile Include="HTTPContent.cpp">
      <Filter>HTTP</Filter>
    </ClCompile>
    <ClCompile Include="IOStateMachine.cpp">
      <Filter>IO</Filter>
    </ClCompile>
    <ClCompile Include="IOCPAdapter.cpp">
      <Filter>IO</Filter>
    </ClCompile>
    <ClCompile Include="IOCPContext.cpp">
      <Filter>IO</Filter>
    </ClCompile>
    <ClCompile Include="IOCPSelector.cpp">
      <Filter>IO</Filter>
    </ClCompile>
    <ClCompile Include="HTTPConfigXml.cpp">
      <Filter>HTTP</Filter>
    </ClCompile>
    <ClCompile Include="HTTPResponderFactory.cpp">
      <Filter>HTTP</Filter>
    </ClCompile>
    <ClCompile Include="HTTPConnection.cpp">
      <Filter>HTTP</Filter>
    </ClCompile>
    <ClCompile Include="HTTPLib.cpp">
      <Filter>HTTP</Filter>
    </ClCompile>
    <ClCompile Include="IPipeTransformer.cpp">
      <Filter>Pipes</Filter>
    </ClCompile>
    <ClCompile Include="FCGITransformer.cpp">
      <Filter>FCGI</Filter>
    </ClCompile>
    <ClCompile Include="ChunkTransformer.cpp">
      <Filter>Pipes</Filter>
    </ClCompile>
    <ClCompile Include="FCGIConnection.cpp">
      <Filter>FCGI</Filter>
    </ClCompile>
  </ItemGroup>
  <ItemGroup>
    <ClInclude Include="Pipes\Pipe.h">
      <Filter>Pipes</Filter>
    </ClInclude>
    <ClInclude Include="Pipes\BufferPipe.h">
      <Filter>Pipes</Filter>
    </ClInclude>
    <ClInclude Include="Pipes\FilePipe.h">
      <Filter>Pipes</Filter>
    </ClInclude>
    <ClInclude Include="XmlDocument.h" />
    <ClInclude Include="ATW.h" />
    <ClInclude Include="ChildView.h" />
    <ClInclude Include="Lock.h" />
    <ClInclude Include="Logger.h" />
    <ClInclude Include="MainFrm.h" />
    <ClInclude Include="Resource.h" />
    <ClInclude Include="SettingDlg.h" />
    <ClInclude Include="stdafx.h" />
    <ClInclude Include="targetver.h" />
    <ClInclude Include="TimerQueue.h" />
    <ClInclude Include="WebServer.h" />
    <ClInclude Include="fastcgi.h">
      <Filter>FCGI</Filter>
    </ClInclude>
    <ClInclude Include="FCGIFactory.h">
      <Filter>FCGI</Filter>
    </ClInclude>
    <ClInclude Include="FCGIRecord.h">
      <Filter>FCGI</Filter>
    </ClInclude>
    <ClInclude Include="HTTPServer.h">
      <Filter>HTTP</Filter>
    </ClInclude>
    <ClInclude Include="HTTPRequest.h">
      <Filter>HTTP</Filter>
    </ClInclude>
    <ClInclude Include="HTTPResponder.h">
      <Filter>HTTP</Filter>
    </ClInclude>
    <ClInclude Include="HTTPResponseHeader.h">
      <Filter>HTTP</Filter>
    </ClInclude>
    <ClInclude Include="HTTPListener.h">
      <Filter>HTTP</Filter>
    </ClInclude>
    <ClInclude Include="Buffer.h" />
    <ClInclude Include="IOSelector.h">
      <Filter>IO</Filter>
    </ClInclude>
    <ClInclude Include="OSFile.h" />
    <ClInclude Include="HTTPContent.h">
      <Filter>HTTP</Filter>
    </ClInclude>
    <ClInclude Include="IOStateMachine.h">
      <Filter>IO</Filter>
    </ClInclude>
    <ClInclude Include="IOCP.h">
      <Filter>IO</Filter>
    </ClInclude>
    <ClInclude Include="HTTPConfigXml.h">
      <Filter>HTTP</Filter>
    </ClInclude>
    <ClInclude Include="HTTPResponderFactory.h">
      <Filter>HTTP</Filter>
    </ClInclude>
    <ClInclude Include="HTTPConnection.h">
      <Filter>HTTP</Filter>
    </ClInclude>
    <ClInclude Include="HTTP.h">
      <Filter>HTTP</Filter>
    </ClInclude>
    <ClInclude Include="HTTPLib.h">
      <Filter>HTTP</Filter>
    </ClInclude>
    <ClInclude Include="FCGIResponder.h">
      <Filter>FCGI</Filter>
    </ClInclude>
    <ClInclude Include="IPipeTransformer.h">
      <Filter>Pipes</Filter>
    </ClInclude>
    <ClInclude Include="FCGITransformer.h">
      <Filter>FCGI</Filter>
    </ClInclude>
    <ClInclude Include="ChunkTransformer.h">
      <Filter>Pipes</Filter>
    </ClInclude>
    <ClInclude Include="FCGIConnection.h">
      <Filter>FCGI</Filter>
    </ClInclude>
  </ItemGroup>
  <ItemGroup>
    <None Include="res\Toolbar.bmp">
      <Filter>Resource Files</Filter>
    </None>
    <None Include="res\WebServer.ico">
      <Filter>Resource Files</Filter>
    </None>
    <None Include="res\WebServer.rc2">
      <Filter>Resource Files</Filter>
    </None>
    <None Include="..\Que%27s HTTP Server v0.2.txt">
      <Filter>Text</Filter>
    </None>
    <None Include="ReadMe.txt">
      <Filter>Text</Filter>
    </None>
  </ItemGroup>
  <ItemGroup>
    <ResourceCompile Include="WebServer.rc">
      <Filter>Resource Files</Filter>
    </ResourceCompile>
  </ItemGroup>
</Project>